{
  "name": "@junobuild/example-node-custom-domain",
  "version": "0.0.1",
  "lockfileVersion": 3,
  "requires": true,
  "packages": {
    "": {
      "name": "@junobuild/example-node-custom-domain",
      "version": "0.0.1",
      "license": "MIT",
      "dependencies": {
        "@junobuild/admin": "^0.0.45",
        "@junobuild/utils": "^0.0.18",
        "conf": "^12.0.0",
        "dotenv": "^16.4.1",
        "node-fetch": "^3.3.2"
      },
      "devDependencies": {
        "prettier": "^3.2.5",
        "prettier-plugin-organize-imports": "^3.2.4"
      }
    },
    "node_modules/@dfinity/agent": {
      "version": "0.20.2",
      "resolved": "https://registry.npmjs.org/@dfinity/agent/-/agent-0.20.2.tgz",
      "integrity": "sha512-xy90wXH4jn3KOi1vyeZ5ji8gnUUY4Iy8k8Juk8/P/IftTDUPmgWL5uLpL3wVV1qnna418Pms1kXSFtbf8OFM0Q==",
      "peer": true,
      "dependencies": {
        "@noble/curves": "^1.2.0",
        "@noble/hashes": "^1.3.1",
        "base64-arraybuffer": "^0.2.0",
        "borc": "^2.1.1",
        "buffer": "^6.0.3",
        "simple-cbor": "^0.4.1"
      },
      "peerDependencies": {
        "@dfinity/candid": "^0.20.2",
        "@dfinity/principal": "^0.20.2"
      }
    },
    "node_modules/@dfinity/candid": {
      "version": "0.20.2",
      "resolved": "https://registry.npmjs.org/@dfinity/candid/-/candid-0.20.2.tgz",
      "integrity": "sha512-pBKk7J+IzX6mnyU8T35751DjDxU2c+roMyrN5UU6fhems1ciITcOm29bPhGzQEe3f8hz/K4arlVMqWTYwOrdEg==",
      "peer": true,
      "peerDependencies": {
        "@dfinity/principal": "^0.20.2"
      }
    },
    "node_modules/@dfinity/identity": {
      "version": "0.20.2",
      "resolved": "https://registry.npmjs.org/@dfinity/identity/-/identity-0.20.2.tgz",
      "integrity": "sha512-0mrbJPSva8wei8KYpybFGVD2tWfx0Jd9EJDrAuWiW++JDtZTYql2e2/8Vg5vcrGuqWLP3qMP2YC1dziJqgcUdA==",
      "peer": true,
      "dependencies": {
        "@noble/curves": "^1.2.0",
        "@noble/hashes": "^1.3.1",
        "borc": "^2.1.1"
      },
      "peerDependencies": {
        "@dfinity/agent": "^0.20.2",
        "@dfinity/principal": "^0.20.2",
        "@peculiar/webcrypto": "^1.4.0"
      }
    },
    "node_modules/@dfinity/principal": {
      "version": "0.20.2",
      "resolved": "https://registry.npmjs.org/@dfinity/principal/-/principal-0.20.2.tgz",
      "integrity": "sha512-xNysODrIxepNjo0ytBrpdCZOkoFCeD5zATyPDXT8tshpBeeQQlgSekDvfHqq7+DeGq9NkGfwTr8IPOmLpltKcg==",
      "peer": true,
      "dependencies": {
        "@noble/hashes": "^1.3.1"
      }
    },
    "node_modules/@junobuild/admin": {
      "version": "0.0.45",
      "resolved": "https://registry.npmjs.org/@junobuild/admin/-/admin-0.0.45.tgz",
      "integrity": "sha512-7N7gk9VyYiKynOf8ij6rNJ7R6gXEUZC2JO0q9qdYA33Kx2rENN17geFbp04+15hoSsV4khW++liGIk0XF4lSRg==",
      "peerDependencies": {
        "@dfinity/agent": "^0.20.2",
        "@dfinity/identity": "^0.20.2",
        "@dfinity/principal": "^0.20.2",
        "@junobuild/utils": "*",
        "semver": "7.*"
      }
    },
    "node_modules/@junobuild/utils": {
      "version": "0.0.18",
      "resolved": "https://registry.npmjs.org/@junobuild/utils/-/utils-0.0.18.tgz",
      "integrity": "sha512-1Vl72OlvrAvrJNbMCs6rIgQWabKzd+jl4qckM7GCYZnWDN3ks4ZHI6HE6HdXDNvyZV5X9twVeDN5yFwkgitS1w==",
      "peerDependencies": {
        "@dfinity/principal": "^0.20.2"
      }
    },
    "node_modules/@noble/curves": {
      "version": "1.3.0",
      "resolved": "https://registry.npmjs.org/@noble/curves/-/curves-1.3.0.tgz",
      "integrity": "sha512-t01iSXPuN+Eqzb4eBX0S5oubSqXbK/xXa1Ne18Hj8f9pStxztHCE2gfboSp/dZRLSqfuLpRK2nDXDK+W9puocA==",
      "peer": true,
      "dependencies": {
        "@noble/hashes": "1.3.3"
      },
      "funding": {
        "url": "https://paulmillr.com/funding/"
      }
    },
    "node_modules/@noble/hashes": {
      "version": "1.3.3",
      "resolved": "https://registry.npmjs.org/@noble/hashes/-/hashes-1.3.3.tgz",
      "integrity": "sha512-V7/fPHgl+jsVPXqqeOzT8egNj2iBIVt+ECeMMG8TdcnTikP3oaBtUVqpT/gYCR68aEBJSF+XbYUxStjbFMqIIA==",
      "peer": true,
      "engines": {
        "node": ">= 16"
      },
      "funding": {
        "url": "https://paulmillr.com/funding/"
      }
    },
    "node_modules/@peculiar/asn1-schema": {
      "version": "2.3.8",
      "resolved": "https://registry.npmjs.org/@peculiar/asn1-schema/-/asn1-schema-2.3.8.tgz",
      "integrity": "sha512-ULB1XqHKx1WBU/tTFIA+uARuRoBVZ4pNdOA878RDrRbBfBGcSzi5HBkdScC6ZbHn8z7L8gmKCgPC1LHRrP46tA==",
      "peer": true,
      "dependencies": {
        "asn1js": "^3.0.5",
        "pvtsutils": "^1.3.5",
        "tslib": "^2.6.2"
      }
    },
    "node_modules/@peculiar/json-schema": {
      "version": "1.1.12",
      "resolved": "https://registry.npmjs.org/@peculiar/json-schema/-/json-schema-1.1.12.tgz",
      "integrity": "sha512-coUfuoMeIB7B8/NMekxaDzLhaYmp0HZNPEjYRm9goRou8UZIC3z21s0sL9AWoCw4EG876QyO3kYrc61WNF9B/w==",
      "peer": true,
      "dependencies": {
        "tslib": "^2.0.0"
      },
      "engines": {
        "node": ">=8.0.0"
      }
    },
    "node_modules/@peculiar/webcrypto": {
      "version": "1.4.5",
      "resolved": "https://registry.npmjs.org/@peculiar/webcrypto/-/webcrypto-1.4.5.tgz",
      "integrity": "sha512-oDk93QCDGdxFRM8382Zdminzs44dg3M2+E5Np+JWkpqLDyJC9DviMh8F8mEJkYuUcUOGA5jHO5AJJ10MFWdbZw==",
      "peer": true,
      "dependencies": {
        "@peculiar/asn1-schema": "^2.3.8",
        "@peculiar/json-schema": "^1.1.12",
        "pvtsutils": "^1.3.5",
        "tslib": "^2.6.2",
        "webcrypto-core": "^1.7.8"
      },
      "engines": {
        "node": ">=10.12.0"
      }
    },
    "node_modules/ajv": {
      "version": "8.12.0",
      "resolved": "https://registry.npmjs.org/ajv/-/ajv-8.12.0.tgz",
      "integrity": "sha512-sRu1kpcO9yLtYxBKvqfTeh9KzZEwO3STyX1HT+4CaDzC6HpTGYhIhPIzj9XuKU7KYDwnaeh5hcOwjy1QuJzBPA==",
      "dependencies": {
        "fast-deep-equal": "^3.1.1",
        "json-schema-traverse": "^1.0.0",
        "require-from-string": "^2.0.2",
        "uri-js": "^4.2.2"
      },
      "funding": {
        "type": "github",
        "url": "https://github.com/sponsors/epoberezkin"
      }
    },
    "node_modules/ajv-formats": {
      "version": "2.1.1",
      "resolved": "https://registry.npmjs.org/ajv-formats/-/ajv-formats-2.1.1.tgz",
      "integrity": "sha512-Wx0Kx52hxE7C18hkMEggYlEifqWZtYaRgouJor+WMdPnQyEK13vgEWyVNup7SoeeoLMsr4kf5h6dOW11I15MUA==",
      "dependencies": {
        "ajv": "^8.0.0"
      },
      "peerDependencies": {
        "ajv": "^8.0.0"
      },
      "peerDependenciesMeta": {
        "ajv": {
          "optional": true
        }
      }
    },
    "node_modules/asn1js": {
      "version": "3.0.5",
      "resolved": "https://registry.npmjs.org/asn1js/-/asn1js-3.0.5.tgz",
      "integrity": "sha512-FVnvrKJwpt9LP2lAMl8qZswRNm3T4q9CON+bxldk2iwk3FFpuwhx2FfinyitizWHsVYyaY+y5JzDR0rCMV5yTQ==",
      "peer": true,
      "dependencies": {
        "pvtsutils": "^1.3.2",
        "pvutils": "^1.1.3",
        "tslib": "^2.4.0"
      },
      "engines": {
        "node": ">=12.0.0"
      }
    },
    "node_modules/atomically": {
      "version": "2.0.2",
      "resolved": "https://registry.npmjs.org/atomically/-/atomically-2.0.2.tgz",
      "integrity": "sha512-Xfmb4q5QV7uqTlVdMSTtO5eF4DCHfNOdaPyKlbFShkzeNP+3lj3yjjcbdjSmEY4+pDBKJ9g26aP+ImTe88UHoQ==",
      "dependencies": {
        "stubborn-fs": "^1.2.5",
        "when-exit": "^2.0.0"
      }
    },
    "node_modules/base64-arraybuffer": {
      "version": "0.2.0",
      "resolved": "https://registry.npmjs.org/base64-arraybuffer/-/base64-arraybuffer-0.2.0.tgz",
      "integrity": "sha512-7emyCsu1/xiBXgQZrscw/8KPRT44I4Yq9Pe6EGs3aPRTsWuggML1/1DTuZUuIaJPIm1FTDUVXl4x/yW8s0kQDQ==",
      "peer": true,
      "engines": {
        "node": ">= 0.6.0"
      }
    },
    "node_modules/base64-js": {
      "version": "1.5.1",
      "resolved": "https://registry.npmjs.org/base64-js/-/base64-js-1.5.1.tgz",
      "integrity": "sha512-AKpaYlHn8t4SVbOHCy+b5+KKgvR4vrsD8vbvrbiQJps7fKDTkjkDry6ji0rUJjC0kzbNePLwzxq8iypo41qeWA==",
      "funding": [
        {
          "type": "github",
          "url": "https://github.com/sponsors/feross"
        },
        {
          "type": "patreon",
          "url": "https://www.patreon.com/feross"
        },
        {
          "type": "consulting",
          "url": "https://feross.org/support"
        }
      ],
      "peer": true
    },
    "node_modules/bignumber.js": {
      "version": "9.1.2",
      "resolved": "https://registry.npmjs.org/bignumber.js/-/bignumber.js-9.1.2.tgz",
      "integrity": "sha512-2/mKyZH9K85bzOEfhXDBFZTGd1CTs+5IHpeFQo9luiBG7hghdC851Pj2WAhb6E3R6b9tZj/XKhbg4fum+Kepug==",
      "peer": true,
      "engines": {
        "node": "*"
      }
    },
    "node_modules/borc": {
      "version": "2.1.2",
      "resolved": "https://registry.npmjs.org/borc/-/borc-2.1.2.tgz",
      "integrity": "sha512-Sy9eoUi4OiKzq7VovMn246iTo17kzuyHJKomCfpWMlI6RpfN1gk95w7d7gH264nApVLg0HZfcpz62/g4VH1Y4w==",
      "peer": true,
      "dependencies": {
        "bignumber.js": "^9.0.0",
        "buffer": "^5.5.0",
        "commander": "^2.15.0",
        "ieee754": "^1.1.13",
        "iso-url": "~0.4.7",
        "json-text-sequence": "~0.1.0",
        "readable-stream": "^3.6.0"
      },
      "engines": {
        "node": ">=4"
      }
    },
    "node_modules/borc/node_modules/buffer": {
      "version": "5.7.1",
      "resolved": "https://registry.npmjs.org/buffer/-/buffer-5.7.1.tgz",
      "integrity": "sha512-EHcyIPBQ4BSGlvjB16k5KgAJ27CIsHY/2JBmCRReo48y9rQ3MaUzWX3KVlBa4U7MyX02HdVj0K7C3WaB3ju7FQ==",
      "funding": [
        {
          "type": "github",
          "url": "https://github.com/sponsors/feross"
        },
        {
          "type": "patreon",
          "url": "https://www.patreon.com/feross"
        },
        {
          "type": "consulting",
          "url": "https://feross.org/support"
        }
      ],
      "peer": true,
      "dependencies": {
        "base64-js": "^1.3.1",
        "ieee754": "^1.1.13"
      }
    },
    "node_modules/buffer": {
      "version": "6.0.3",
      "resolved": "https://registry.npmjs.org/buffer/-/buffer-6.0.3.tgz",
      "integrity": "sha512-FTiCpNxtwiZZHEZbcbTIcZjERVICn9yq/pDFkTl95/AxzD1naBctN7YO68riM/gLSDY7sdrMby8hofADYuuqOA==",
      "funding": [
        {
          "type": "github",
          "url": "https://github.com/sponsors/feross"
        },
        {
          "type": "patreon",
          "url": "https://www.patreon.com/feross"
        },
        {
          "type": "consulting",
          "url": "https://feross.org/support"
        }
      ],
      "peer": true,
      "dependencies": {
        "base64-js": "^1.3.1",
        "ieee754": "^1.2.1"
      }
    },
    "node_modules/commander": {
      "version": "2.20.3",
      "resolved": "https://registry.npmjs.org/commander/-/commander-2.20.3.tgz",
      "integrity": "sha512-GpVkmM8vF2vQUkj2LvZmD35JxeJOLCwJ9cUkugyk2nuhbv3+mJvpLYYt+0+USMxE+oj+ey/lJEnhZw75x/OMcQ==",
      "peer": true
    },
    "node_modules/conf": {
      "version": "12.0.0",
      "resolved": "https://registry.npmjs.org/conf/-/conf-12.0.0.tgz",
      "integrity": "sha512-fIWyWUXrJ45cHCIQX+Ck1hrZDIf/9DR0P0Zewn3uNht28hbt5OfGUq8rRWsxi96pZWPyBEd0eY9ama01JTaknA==",
      "dependencies": {
        "ajv": "^8.12.0",
        "ajv-formats": "^2.1.1",
        "atomically": "^2.0.2",
        "debounce-fn": "^5.1.2",
        "dot-prop": "^8.0.2",
        "env-paths": "^3.0.0",
        "json-schema-typed": "^8.0.1",
        "semver": "^7.5.4",
        "uint8array-extras": "^0.3.0"
      },
      "engines": {
        "node": ">=18"
      },
      "funding": {
        "url": "https://github.com/sponsors/sindresorhus"
      }
    },
    "node_modules/data-uri-to-buffer": {
      "version": "4.0.1",
      "resolved": "https://registry.npmjs.org/data-uri-to-buffer/-/data-uri-to-buffer-4.0.1.tgz",
      "integrity": "sha512-0R9ikRb668HB7QDxT1vkpuUBtqc53YyAwMwGeUFKRojY/NWKvdZ+9UYtRfGmhqNbRkTSVpMbmyhXipFFv2cb/A==",
      "engines": {
        "node": ">= 12"
      }
    },
    "node_modules/debounce-fn": {
      "version": "5.1.2",
      "resolved": "https://registry.npmjs.org/debounce-fn/-/debounce-fn-5.1.2.tgz",
      "integrity": "sha512-Sr4SdOZ4vw6eQDvPYNxHogvrxmCIld/VenC5JbNrFwMiwd7lY/Z18ZFfo+EWNG4DD9nFlAujWAo/wGuOPHmy5A==",
      "dependencies": {
        "mimic-fn": "^4.0.0"
      },
      "engines": {
        "node": ">=12"
      },
      "funding": {
        "url": "https://github.com/sponsors/sindresorhus"
      }
    },
    "node_modules/delimit-stream": {
      "version": "0.1.0",
      "resolved": "https://registry.npmjs.org/delimit-stream/-/delimit-stream-0.1.0.tgz",
      "integrity": "sha512-a02fiQ7poS5CnjiJBAsjGLPp5EwVoGHNeu9sziBd9huppRfsAFIpv5zNLv0V1gbop53ilngAf5Kf331AwcoRBQ==",
      "peer": true
    },
    "node_modules/dot-prop": {
      "version": "8.0.2",
      "resolved": "https://registry.npmjs.org/dot-prop/-/dot-prop-8.0.2.tgz",
      "integrity": "sha512-xaBe6ZT4DHPkg0k4Ytbvn5xoxgpG0jOS1dYxSOwAHPuNLjP3/OzN0gH55SrLqpx8cBfSaVt91lXYkApjb+nYdQ==",
      "dependencies": {
        "type-fest": "^3.8.0"
      },
      "engines": {
        "node": ">=16"
      },
      "funding": {
        "url": "https://github.com/sponsors/sindresorhus"
      }
    },
    "node_modules/dotenv": {
      "version": "16.4.1",
      "resolved": "https://registry.npmjs.org/dotenv/-/dotenv-16.4.1.tgz",
      "integrity": "sha512-CjA3y+Dr3FyFDOAMnxZEGtnW9KBR2M0JvvUtXNW+dYJL5ROWxP9DUHCwgFqpMk0OXCc0ljhaNTr2w/kutYIcHQ==",
      "engines": {
        "node": ">=12"
      },
      "funding": {
        "url": "https://github.com/motdotla/dotenv?sponsor=1"
      }
    },
    "node_modules/env-paths": {
      "version": "3.0.0",
      "resolved": "https://registry.npmjs.org/env-paths/-/env-paths-3.0.0.tgz",
      "integrity": "sha512-dtJUTepzMW3Lm/NPxRf3wP4642UWhjL2sQxc+ym2YMj1m/H2zDNQOlezafzkHwn6sMstjHTwG6iQQsctDW/b1A==",
      "engines": {
        "node": "^12.20.0 || ^14.13.1 || >=16.0.0"
      },
      "funding": {
        "url": "https://github.com/sponsors/sindresorhus"
      }
    },
    "node_modules/fast-deep-equal": {
      "version": "3.1.3",
      "resolved": "https://registry.npmjs.org/fast-deep-equal/-/fast-deep-equal-3.1.3.tgz",
      "integrity": "sha512-f3qQ9oQy9j2AhBe/H9VC91wLmKBCCU/gDOnKNAYG5hswO7BLKj09Hc5HYNz9cGI++xlpDCIgDaitVs03ATR84Q=="
    },
    "node_modules/fetch-blob": {
      "version": "3.2.0",
      "resolved": "https://registry.npmjs.org/fetch-blob/-/fetch-blob-3.2.0.tgz",
      "integrity": "sha512-7yAQpD2UMJzLi1Dqv7qFYnPbaPx7ZfFK6PiIxQ4PfkGPyNyl2Ugx+a/umUonmKqjhM4DnfbMvdX6otXq83soQQ==",
      "funding": [
        {
          "type": "github",
          "url": "https://github.com/sponsors/jimmywarting"
        },
        {
          "type": "paypal",
          "url": "https://paypal.me/jimmywarting"
        }
      ],
      "dependencies": {
        "node-domexception": "^1.0.0",
        "web-streams-polyfill": "^3.0.3"
      },
      "engines": {
        "node": "^12.20 || >= 14.13"
      }
    },
    "node_modules/formdata-polyfill": {
      "version": "4.0.10",
      "resolved": "https://registry.npmjs.org/formdata-polyfill/-/formdata-polyfill-4.0.10.tgz",
      "integrity": "sha512-buewHzMvYL29jdeQTVILecSaZKnt/RJWjoZCF5OW60Z67/GmSLBkOFM7qh1PI3zFNtJbaZL5eQu1vLfazOwj4g==",
      "dependencies": {
        "fetch-blob": "^3.1.2"
      },
      "engines": {
        "node": ">=12.20.0"
      }
    },
    "node_modules/ieee754": {
      "version": "1.2.1",
      "resolved": "https://registry.npmjs.org/ieee754/-/ieee754-1.2.1.tgz",
      "integrity": "sha512-dcyqhDvX1C46lXZcVqCpK+FtMRQVdIMN6/Df5js2zouUsqG7I6sFxitIC+7KYK29KdXOLHdu9zL4sFnoVQnqaA==",
      "funding": [
        {
          "type": "github",
          "url": "https://github.com/sponsors/feross"
        },
        {
          "type": "patreon",
          "url": "https://www.patreon.com/feross"
        },
        {
          "type": "consulting",
          "url": "https://feross.org/support"
        }
      ],
      "peer": true
    },
    "node_modules/inherits": {
      "version": "2.0.4",
      "resolved": "https://registry.npmjs.org/inherits/-/inherits-2.0.4.tgz",
      "integrity": "sha512-k/vGaX4/Yla3WzyMCvTQOXYeIHvqOKtnqBduzTHpzpQZzAskKMhZ2K+EnBiSM9zGSoIFeMpXKxa4dYeZIQqewQ==",
      "peer": true
    },
    "node_modules/iso-url": {
      "version": "0.4.7",
      "resolved": "https://registry.npmjs.org/iso-url/-/iso-url-0.4.7.tgz",
      "integrity": "sha512-27fFRDnPAMnHGLq36bWTpKET+eiXct3ENlCcdcMdk+mjXrb2kw3mhBUg1B7ewAC0kVzlOPhADzQgz1SE6Tglog==",
      "peer": true,
      "engines": {
        "node": ">=10"
      }
    },
    "node_modules/json-schema-traverse": {
      "version": "1.0.0",
      "resolved": "https://registry.npmjs.org/json-schema-traverse/-/json-schema-traverse-1.0.0.tgz",
      "integrity": "sha512-NM8/P9n3XjXhIZn1lLhkFaACTOURQXjWhV4BA/RnOv8xvgqtqpAX9IO4mRQxSx1Rlo4tqzeqb0sOlruaOy3dug=="
    },
    "node_modules/json-schema-typed": {
      "version": "8.0.1",
      "resolved": "https://registry.npmjs.org/json-schema-typed/-/json-schema-typed-8.0.1.tgz",
      "integrity": "sha512-XQmWYj2Sm4kn4WeTYvmpKEbyPsL7nBsb647c7pMe6l02/yx2+Jfc4dT6UZkEXnIUb5LhD55r2HPsJ1milQ4rDg=="
    },
    "node_modules/json-text-sequence": {
      "version": "0.1.1",
      "resolved": "https://registry.npmjs.org/json-text-sequence/-/json-text-sequence-0.1.1.tgz",
      "integrity": "sha512-L3mEegEWHRekSHjc7+sc8eJhba9Clq1PZ8kMkzf8OxElhXc8O4TS5MwcVlj9aEbm5dr81N90WHC5nAz3UO971w==",
      "peer": true,
      "dependencies": {
        "delimit-stream": "0.1.0"
      }
    },
    "node_modules/lru-cache": {
      "version": "6.0.0",
      "resolved": "https://registry.npmjs.org/lru-cache/-/lru-cache-6.0.0.tgz",
      "integrity": "sha512-Jo6dJ04CmSjuznwJSS3pUeWmd/H0ffTlkXXgwZi+eq1UCmqQwCh+eLsYOYCwY991i2Fah4h1BEMCx4qThGbsiA==",
      "dependencies": {
        "yallist": "^4.0.0"
      },
      "engines": {
        "node": ">=10"
      }
    },
    "node_modules/mimic-fn": {
      "version": "4.0.0",
      "resolved": "https://registry.npmjs.org/mimic-fn/-/mimic-fn-4.0.0.tgz",
      "integrity": "sha512-vqiC06CuhBTUdZH+RYl8sFrL096vA45Ok5ISO6sE/Mr1jRbGH4Csnhi8f3wKVl7x8mO4Au7Ir9D3Oyv1VYMFJw==",
      "engines": {
        "node": ">=12"
      },
      "funding": {
        "url": "https://github.com/sponsors/sindresorhus"
      }
    },
    "node_modules/node-domexception": {
      "version": "1.0.0",
      "resolved": "https://registry.npmjs.org/node-domexception/-/node-domexception-1.0.0.tgz",
      "integrity": "sha512-/jKZoMpw0F8GRwl4/eLROPA3cfcXtLApP0QzLmUT/HuPCZWyB7IY9ZrMeKw2O/nFIqPQB3PVM9aYm0F312AXDQ==",
      "funding": [
        {
          "type": "github",
          "url": "https://github.com/sponsors/jimmywarting"
        },
        {
          "type": "github",
          "url": "https://paypal.me/jimmywarting"
        }
      ],
      "engines": {
        "node": ">=10.5.0"
      }
    },
    "node_modules/node-fetch": {
      "version": "3.3.2",
      "resolved": "https://registry.npmjs.org/node-fetch/-/node-fetch-3.3.2.tgz",
      "integrity": "sha512-dRB78srN/l6gqWulah9SrxeYnxeddIG30+GOqK/9OlLVyLg3HPnr6SqOWTWOXKRwC2eGYCkZ59NNuSgvSrpgOA==",
      "dependencies": {
        "data-uri-to-buffer": "^4.0.0",
        "fetch-blob": "^3.1.4",
        "formdata-polyfill": "^4.0.10"
      },
      "engines": {
        "node": "^12.20.0 || ^14.13.1 || >=16.0.0"
      },
      "funding": {
        "type": "opencollective",
        "url": "https://opencollective.com/node-fetch"
      }
    },
    "node_modules/prettier": {
      "version": "3.2.5",
      "resolved": "https://registry.npmjs.org/prettier/-/prettier-3.2.5.tgz",
      "integrity": "sha512-3/GWa9aOC0YeD7LUfvOG2NiDyhOWRvt1k+rcKhOuYnMY24iiCphgneUfJDyFXd6rZCAnuLBv6UeAULtrhT/F4A==",
      "dev": true,
      "bin": {
        "prettier": "bin/prettier.cjs"
      },
      "engines": {
        "node": ">=14"
      },
      "funding": {
        "url": "https://github.com/prettier/prettier?sponsor=1"
      }
    },
    "node_modules/prettier-plugin-organize-imports": {
      "version": "3.2.4",
      "resolved": "https://registry.npmjs.org/prettier-plugin-organize-imports/-/prettier-plugin-organize-imports-3.2.4.tgz",
      "integrity": "sha512-6m8WBhIp0dfwu0SkgfOxJqh+HpdyfqSSLfKKRZSFbDuEQXDDndb8fTpRWkUrX/uBenkex3MgnVk0J3b3Y5byog==",
      "dev": true,
      "peerDependencies": {
        "@volar/vue-language-plugin-pug": "^1.0.4",
        "@volar/vue-typescript": "^1.0.4",
        "prettier": ">=2.0",
        "typescript": ">=2.9"
      },
      "peerDependenciesMeta": {
        "@volar/vue-language-plugin-pug": {
          "optional": true
        },
        "@volar/vue-typescript": {
          "optional": true
        }
      }
    },
    "node_modules/punycode": {
      "version": "2.3.0",
      "resolved": "https://registry.npmjs.org/punycode/-/punycode-2.3.0.tgz",
      "integrity": "sha512-rRV+zQD8tVFys26lAGR9WUuS4iUAngJScM+ZRSKtvl5tKeZ2t5bvdNFdNHBW9FWR4guGHlgmsZ1G7BSm2wTbuA==",
      "engines": {
        "node": ">=6"
      }
    },
    "node_modules/pvtsutils": {
      "version": "1.3.5",
      "resolved": "https://registry.npmjs.org/pvtsutils/-/pvtsutils-1.3.5.tgz",
      "integrity": "sha512-ARvb14YB9Nm2Xi6nBq1ZX6dAM0FsJnuk+31aUp4TrcZEdKUlSqOqsxJHUPJDNE3qiIp+iUPEIeR6Je/tgV7zsA==",
      "peer": true,
      "dependencies": {
        "tslib": "^2.6.1"
      }
    },
    "node_modules/pvutils": {
      "version": "1.1.3",
      "resolved": "https://registry.npmjs.org/pvutils/-/pvutils-1.1.3.tgz",
      "integrity": "sha512-pMpnA0qRdFp32b1sJl1wOJNxZLQ2cbQx+k6tjNtZ8CpvVhNqEPRgivZ2WOUev2YMajecdH7ctUPDvEe87nariQ==",
      "peer": true,
      "engines": {
        "node": ">=6.0.0"
      }
    },
    "node_modules/readable-stream": {
      "version": "3.6.2",
      "resolved": "https://registry.npmjs.org/readable-stream/-/readable-stream-3.6.2.tgz",
      "integrity": "sha512-9u/sniCrY3D5WdsERHzHE4G2YCXqoG5FTHUiCC4SIbr6XcLZBY05ya9EKjYek9O5xOAwjGq+1JdGBAS7Q9ScoA==",
      "peer": true,
      "dependencies": {
        "inherits": "^2.0.3",
        "string_decoder": "^1.1.1",
        "util-deprecate": "^1.0.1"
      },
      "engines": {
        "node": ">= 6"
      }
    },
    "node_modules/require-from-string": {
      "version": "2.0.2",
      "resolved": "https://registry.npmjs.org/require-from-string/-/require-from-string-2.0.2.tgz",
      "integrity": "sha512-Xf0nWe6RseziFMu+Ap9biiUbmplq6S9/p+7w7YXP/JBHhrUDDUhwa+vANyubuqfZWTveU//DYVGsDG7RKL/vEw==",
      "engines": {
        "node": ">=0.10.0"
      }
    },
    "node_modules/safe-buffer": {
      "version": "5.2.1",
      "resolved": "https://registry.npmjs.org/safe-buffer/-/safe-buffer-5.2.1.tgz",
      "integrity": "sha512-rp3So07KcdmmKbGvgaNxQSJr7bGVSVk5S9Eq1F+ppbRo70+YeaDxkw5Dd8NPN+GD6bjnYm2VuPuCXmpuYvmCXQ==",
      "funding": [
        {
          "type": "github",
          "url": "https://github.com/sponsors/feross"
        },
        {
          "type": "patreon",
          "url": "https://www.patreon.com/feross"
        },
        {
          "type": "consulting",
          "url": "https://feross.org/support"
        }
      ],
      "peer": true
    },
    "node_modules/semver": {
      "version": "7.6.0",
      "resolved": "https://registry.npmjs.org/semver/-/semver-7.6.0.tgz",
      "integrity": "sha512-EnwXhrlwXMk9gKu5/flx5sv/an57AkRplG3hTK68W7FRDN+k+OWBj65M7719OkA82XLBxrcX0KSHj+X5COhOVg==",
      "dependencies": {
        "lru-cache": "^6.0.0"
      },
      "bin": {
        "semver": "bin/semver.js"
      },
      "engines": {
        "node": ">=10"
      }
    },
    "node_modules/simple-cbor": {
      "version": "0.4.1",
      "resolved": "https://registry.npmjs.org/simple-cbor/-/simple-cbor-0.4.1.tgz",
      "integrity": "sha512-rijcxtwx2b4Bje3sqeIqw5EeW7UlOIC4YfOdwqIKacpvRQ/D78bWg/4/0m5e0U91oKvlGh7LlJuZCu07ISCC7w==",
      "peer": true
    },
    "node_modules/string_decoder": {
      "version": "1.3.0",
      "resolved": "https://registry.npmjs.org/string_decoder/-/string_decoder-1.3.0.tgz",
      "integrity": "sha512-hkRX8U1WjJFd8LsDJ2yQ/wWWxaopEsABU1XfkM8A+j0+85JAGppt16cr1Whg6KIbb4okU6Mql6BOj+uup/wKeA==",
      "peer": true,
      "dependencies": {
        "safe-buffer": "~5.2.0"
      }
    },
    "node_modules/stubborn-fs": {
      "version": "1.2.5",
      "resolved": "https://registry.npmjs.org/stubborn-fs/-/stubborn-fs-1.2.5.tgz",
      "integrity": "sha512-H2N9c26eXjzL/S/K+i/RHHcFanE74dptvvjM8iwzwbVcWY/zjBbgRqF3K0DY4+OD+uTTASTBvDoxPDaPN02D7g=="
    },
    "node_modules/tslib": {
      "version": "2.6.2",
      "resolved": "https://registry.npmjs.org/tslib/-/tslib-2.6.2.tgz",
      "integrity": "sha512-AEYxH93jGFPn/a2iVAwW87VuUIkR1FVUKB77NwMF7nBTDkDrrT/Hpt/IrCJ0QXhW27jTBDcf5ZY7w6RiqTMw2Q==",
      "peer": true
    },
    "node_modules/type-fest": {
      "version": "3.13.1",
      "resolved": "https://registry.npmjs.org/type-fest/-/type-fest-3.13.1.tgz",
      "integrity": "sha512-tLq3bSNx+xSpwvAJnzrK0Ep5CLNWjvFTOp71URMaAEWBfRb9nnJiBoUe0tF8bI4ZFO3omgBR6NvnbzVUT3Ly4g==",
      "engines": {
        "node": ">=14.16"
      },
      "funding": {
        "url": "https://github.com/sponsors/sindresorhus"
      }
    },
    "node_modules/typescript": {
      "version": "5.0.4",
      "resolved": "https://registry.npmjs.org/typescript/-/typescript-5.0.4.tgz",
      "integrity": "sha512-cW9T5W9xY37cc+jfEnaUvX91foxtHkza3Nw3wkoF4sSlKn0MONdkdEndig/qPBWXNkmplh3NzayQzCiHM4/hqw==",
      "dev": true,
      "peer": true,
      "bin": {
        "tsc": "bin/tsc",
        "tsserver": "bin/tsserver"
      },
      "engines": {
        "node": ">=12.20"
      }
    },
    "node_modules/uint8array-extras": {
      "version": "0.3.0",
      "resolved": "https://registry.npmjs.org/uint8array-extras/-/uint8array-extras-0.3.0.tgz",
      "integrity": "sha512-erJsJwQ0tKdwuqI0359U8ijkFmfiTcq25JvvzRVc1VP+2son1NJRXhxcAKJmAW3ajM8JSGAfsAXye8g4s+znxA==",
      "engines": {
        "node": ">=18"
      },
      "funding": {
        "url": "https://github.com/sponsors/sindresorhus"
      }
    },
    "node_modules/uri-js": {
      "version": "4.4.1",
      "resolved": "https://registry.npmjs.org/uri-js/-/uri-js-4.4.1.tgz",
      "integrity": "sha512-7rKUyy33Q1yc98pQ1DAmLtwX109F7TIfWlW1Ydo8Wl1ii1SeHieeh0HHfPeL2fMXK6z0s8ecKs9frCuLJvndBg==",
      "dependencies": {
        "punycode": "^2.1.0"
      }
    },
    "node_modules/util-deprecate": {
      "version": "1.0.2",
      "resolved": "https://registry.npmjs.org/util-deprecate/-/util-deprecate-1.0.2.tgz",
      "integrity": "sha512-EPD5q1uXyFxJpCrLnCc1nHnq3gOa6DZBocAIiI2TaSCA7VCJ1UJDMagCzIkXNsUYfD1daK//LTEQ8xiIbrHtcw==",
      "peer": true
    },
    "node_modules/web-streams-polyfill": {
      "version": "3.2.1",
      "resolved": "https://registry.npmjs.org/web-streams-polyfill/-/web-streams-polyfill-3.2.1.tgz",
      "integrity": "sha512-e0MO3wdXWKrLbL0DgGnUV7WHVuw9OUvL4hjgnPkIeEvESk74gAITi5G606JtZPp39cd8HA9VQzCIvA49LpPN5Q==",
      "engines": {
        "node": ">= 8"
      }
    },
    "node_modules/webcrypto-core": {
      "version": "1.7.8",
      "resolved": "https://registry.npmjs.org/webcrypto-core/-/webcrypto-core-1.7.8.tgz",
      "integrity": "sha512-eBR98r9nQXTqXt/yDRtInszPMjTaSAMJAFDg2AHsgrnczawT1asx9YNBX6k5p+MekbPF4+s/UJJrr88zsTqkSg==",
      "peer": true,
      "dependencies": {
        "@peculiar/asn1-schema": "^2.3.8",
        "@peculiar/json-schema": "^1.1.12",
        "asn1js": "^3.0.1",
        "pvtsutils": "^1.3.5",
        "tslib": "^2.6.2"
      }
    },
    "node_modules/when-exit": {
      "version": "2.1.2",
      "resolved": "https://registry.npmjs.org/when-exit/-/when-exit-2.1.2.tgz",
      "integrity": "sha512-u9J+toaf3CCxCAzM/484qNAxQE75rFdVgiFEEV8Xps2gzYhf0tx73s1WXDQhkwV17E3MxRMz40m7Ekd2/121Lg=="
    },
    "node_modules/yallist": {
      "version": "4.0.0",
      "resolved": "https://registry.npmjs.org/yallist/-/yallist-4.0.0.tgz",
      "integrity": "sha512-3wdGidZyq5PB084XLES5TpOSRA3wjXAlIWMhum2kRcv/41Sn2emQ0dycQW4uZXLejwKvg6EsvbdlVL+FYEct7A=="
    }
  }
}
