{
  "name": "@junobuild/example-node-basic",
  "version": "0.0.1",
  "lockfileVersion": 3,
  "requires": true,
  "packages": {
    "": {
      "name": "@junobuild/example-node-basic",
      "version": "0.0.1",
      "license": "MIT",
      "devDependencies": {
        "@junobuild/config": "^2.2.0",
        "prettier": "^3.6.2",
        "prettier-plugin-organize-imports": "^4.3.0",
        "typescript": "^5.9.3"
      }
    },
    "node_modules/@dfinity/principal": {
      "version": "3.2.6",
      "resolved": "https://registry.npmjs.org/@dfinity/principal/-/principal-3.2.6.tgz",
      "integrity": "sha512-jxEmMwZe2k/XC0DEW1i7CVJ/vPzIKT0zvXeQIBuvkfEcqWSVRiScHlURwnYStQAE1RVP8glDEs6ioeZgmEmazA==",
      "dev": true,
      "license": "Apache-2.0",
      "peer": true,
      "dependencies": {
        "@noble/hashes": "^1.8.0"
      }
    },
    "node_modules/@dfinity/zod-schemas": {
      "version": "1.1.0",
      "resolved": "https://registry.npmjs.org/@dfinity/zod-schemas/-/zod-schemas-1.1.0.tgz",
      "integrity": "sha512-lhZTMN5bwbk+BgWA+tFto4ltrJVa+14KLssOwBtuFD980hqgP+dpAIEZQnIEZDU8x/51u2yGEpMDFubHjW2C5g==",
      "dev": true,
      "license": "Apache-2.0",
      "peer": true,
      "peerDependencies": {
        "@dfinity/principal": "*",
        "zod": "3.25"
      }
    },
    "node_modules/@junobuild/config": {
      "version": "2.2.0",
      "resolved": "https://registry.npmjs.org/@junobuild/config/-/config-2.2.0.tgz",
      "integrity": "sha512-nRhvQ02CdDuKL3fCGoMrY0zRc/MHOZg8Z9swIhFXyXf1cPNurNN4c5ek1okZA5okAUIchF9WXEXhVGRIU+6Lkg==",
      "dev": true,
      "license": "MIT",
      "peerDependencies": {
        "@dfinity/zod-schemas": "^1.1.0",
        "zod": "^3.25"
      }
    },
    "node_modules/@noble/hashes": {
      "version": "1.8.0",
      "resolved": "https://registry.npmjs.org/@noble/hashes/-/hashes-1.8.0.tgz",
      "integrity": "sha512-jCs9ldd7NwzpgXDIf6P3+NrHh9/sD6CQdxHyjQI+h/6rDNo88ypBxxz45UDuZHz9r3tNz7N/VInSVoVdtXEI4A==",
      "dev": true,
      "license": "MIT",
      "peer": true,
      "engines": {
        "node": "^14.21.3 || >=16"
      },
      "funding": {
        "url": "https://paulmillr.com/funding/"
      }
    },
    "node_modules/prettier": {
      "version": "3.6.2",
      "resolved": "https://registry.npmjs.org/prettier/-/prettier-3.6.2.tgz",
      "integrity": "sha512-I7AIg5boAr5R0FFtJ6rCfD+LFsWHp81dolrFD8S79U9tb8Az2nGrJncnMSnys+bpQJfRUzqs9hnA81OAA3hCuQ==",
      "dev": true,
      "license": "MIT",
      "bin": {
        "prettier": "bin/prettier.cjs"
      },
      "engines": {
        "node": ">=14"
      },
      "funding": {
        "url": "https://github.com/prettier/prettier?sponsor=1"
      }
    },
    "node_modules/prettier-plugin-organize-imports": {
      "version": "4.3.0",
      "resolved": "https://registry.npmjs.org/prettier-plugin-organize-imports/-/prettier-plugin-organize-imports-4.3.0.tgz",
      "integrity": "sha512-FxFz0qFhyBsGdIsb697f/EkvHzi5SZOhWAjxcx2dLt+Q532bAlhswcXGYB1yzjZ69kW8UoadFBw7TyNwlq96Iw==",
      "dev": true,
      "license": "MIT",
      "peerDependencies": {
        "prettier": ">=2.0",
        "typescript": ">=2.9",
        "vue-tsc": "^2.1.0 || 3"
      },
      "peerDependenciesMeta": {
        "vue-tsc": {
          "optional": true
        }
      }
    },
    "node_modules/typescript": {
      "version": "5.9.3",
      "resolved": "https://registry.npmjs.org/typescript/-/typescript-5.9.3.tgz",
      "integrity": "sha512-jl1vZzPDinLr9eUt3J/t7V6FgNEw9QjvBPdysz9KfQDD41fQrC2Y4vKQdiaUpFT4bXlb1RHhLpp8wtm6M5TgSw==",
      "dev": true,
      "license": "Apache-2.0",
      "bin": {
        "tsc": "bin/tsc",
        "tsserver": "bin/tsserver"
      },
      "engines": {
        "node": ">=14.17"
      }
    },
    "node_modules/zod": {
      "version": "3.25.76",
      "resolved": "https://registry.npmjs.org/zod/-/zod-3.25.76.tgz",
      "integrity": "sha512-gzUt/qt81nXsFGKIFcC3YnfEAx5NkunCfnDlvuBSSFS02bcXu4Lmea0AFIUwbLWxWPx3d9p8S5QoaujKcNQxcQ==",
      "dev": true,
      "license": "MIT",
      "peer": true,
      "funding": {
        "url": "https://github.com/sponsors/colinhacks"
      }
    }
  }
}
