{
  "name": "@junobuild/example-node-basic",
  "version": "0.0.1",
  "lockfileVersion": 3,
  "requires": true,
  "packages": {
    "": {
      "name": "@junobuild/example-node-basic",
      "version": "0.0.1",
      "license": "MIT",
      "dependencies": {
        "@icp-sdk/canisters": "^3.5.1",
        "@icp-sdk/core": "^5.0.0",
        "@junobuild/admin": "^4.1.0"
      },
      "devDependencies": {
        "@junobuild/config": "^2.11.0",
        "@types/node": "^25.3.5",
        "prettier": "^3.8.1",
        "prettier-plugin-organize-imports": "^4.3.0",
        "typescript": "^5.9.3"
      }
    },
    "node_modules/@dfinity/cbor": {
      "version": "0.2.2",
      "resolved": "https://registry.npmjs.org/@dfinity/cbor/-/cbor-0.2.2.tgz",
      "integrity": "sha512-GPJpH73kDEKbUBdUjY80lz7cq9l0vm1h/7ppejPV6O0ZTqCLrYspssYvqjRmK4aNnJ/SKXsP0rg9LYX7zpegaA==",
      "license": "Apache-2.0"
    },
    "node_modules/@dfinity/utils": {
      "version": "4.2.0",
      "resolved": "https://registry.npmjs.org/@dfinity/utils/-/utils-4.2.0.tgz",
      "integrity": "sha512-MJkjOZPgXC8Ekhum06STZyqHnxBoZ+JdJOo6hBEyGhh+h0QEg2Oz9UsyDk6IZ7ucL2GDQpAS0i4avIAJOcBiCA==",
      "license": "Apache-2.0",
      "peer": true,
      "peerDependencies": {
        "@icp-sdk/core": "^5"
      }
    },
    "node_modules/@dfinity/zod-schemas": {
      "version": "3.1.0",
      "resolved": "https://registry.npmjs.org/@dfinity/zod-schemas/-/zod-schemas-3.1.0.tgz",
      "integrity": "sha512-VW4nk3LD4FVRwwVIfcQNUmrdULbQ3bKFbefBhy6njnpQ3/6BuQNT/sN3c+xrZva/8XwW2xTMMXkPD0tOp5wGdA==",
      "license": "Apache-2.0",
      "peer": true,
      "peerDependencies": {
        "@icp-sdk/core": "*",
        "zod": "^4"
      }
    },
    "node_modules/@icp-sdk/canisters": {
      "version": "3.5.1",
      "resolved": "https://registry.npmjs.org/@icp-sdk/canisters/-/canisters-3.5.1.tgz",
      "integrity": "sha512-mXWRp+VJUns3fDJNYLSBDD/XvmnS/ZHBX3BojcfYzaL7oWJixtoMiYdK74tK4Kn5x5XxGVlyZfwdcpb93J4+AQ==",
      "license": "Apache-2.0",
      "dependencies": {
        "@noble/hashes": "^1.8.0",
        "base58-js": "^3.0.3",
        "bech32": "^2.0.0",
        "mime": "^3.0.0"
      },
      "peerDependencies": {
        "@dfinity/utils": "^4.1",
        "@icp-sdk/core": "^5"
      }
    },
    "node_modules/@icp-sdk/core": {
      "version": "5.0.0",
      "resolved": "https://registry.npmjs.org/@icp-sdk/core/-/core-5.0.0.tgz",
      "integrity": "sha512-t6iRbdylHG57MicWRpR1uMTFXRW7GCzec6KAg55CBwDHbHLQDKikQ252lmlcEa80DrKa3LPvMKYZEUYjEq5XUQ==",
      "license": "Apache-2.0",
      "dependencies": {
        "@dfinity/cbor": "^0.2.2",
        "@noble/curves": "^1.9.2",
        "@noble/hashes": "^1.8.0",
        "@scure/bip32": "^1.7.0",
        "@scure/bip39": "^1.6.0",
        "asn1js": "^3.0.5"
      }
    },
    "node_modules/@junobuild/admin": {
      "version": "4.1.0",
      "resolved": "https://registry.npmjs.org/@junobuild/admin/-/admin-4.1.0.tgz",
      "integrity": "sha512-7kVgl0zqIXiFYUKakxRzNRQiGILsyMFo97Ulnib4h8FhZThGVDglBcfOfrevRtOxWA4F+0m02wZleD4ST46L6Q==",
      "license": "MIT",
      "peerDependencies": {
        "@dfinity/utils": "^4.1",
        "@icp-sdk/canisters": "^3.3",
        "@icp-sdk/core": "^5",
        "@junobuild/config": "*",
        "@junobuild/ic-client": "^8",
        "semver": "7.*",
        "zod": "^4"
      }
    },
    "node_modules/@junobuild/config": {
      "version": "2.11.0",
      "resolved": "https://registry.npmjs.org/@junobuild/config/-/config-2.11.0.tgz",
      "integrity": "sha512-APzzQ8a8N52ZRGFD3VPIzhC/Ud7CvuYPFJX2ZR2ypaxPjhS2Jriz5aWRvQOE9RrEryHQXk2CQwzHNmzH4jcbkQ==",
      "license": "MIT",
      "peerDependencies": {
        "@dfinity/zod-schemas": "^3",
        "zod": "^4"
      }
    },
    "node_modules/@junobuild/ic-client": {
      "version": "8.0.0",
      "resolved": "https://registry.npmjs.org/@junobuild/ic-client/-/ic-client-8.0.0.tgz",
      "integrity": "sha512-FrHcl90vxzfu2CjvJ/K1+K4xtVD+ZomgSEvkEnNFgjXFymaFOVzNp3HFXfVT7lKT/PWWHRB+l0xM2Wko9YV2PQ==",
      "license": "MIT",
      "peer": true,
      "peerDependencies": {
        "@dfinity/utils": "^4.1",
        "@icp-sdk/core": "^5",
        "idb-keyval": "^6.2.2"
      }
    },
    "node_modules/@noble/curves": {
      "version": "1.9.7",
      "resolved": "https://registry.npmjs.org/@noble/curves/-/curves-1.9.7.tgz",
      "integrity": "sha512-gbKGcRUYIjA3/zCCNaWDciTMFI0dCkvou3TL8Zmy5Nc7sJ47a0jtOeZoTaMxkuqRo9cRhjOdZJXegxYE5FN/xw==",
      "license": "MIT",
      "dependencies": {
        "@noble/hashes": "1.8.0"
      },
      "engines": {
        "node": "^14.21.3 || >=16"
      },
      "funding": {
        "url": "https://paulmillr.com/funding/"
      }
    },
    "node_modules/@noble/hashes": {
      "version": "1.8.0",
      "resolved": "https://registry.npmjs.org/@noble/hashes/-/hashes-1.8.0.tgz",
      "integrity": "sha512-jCs9ldd7NwzpgXDIf6P3+NrHh9/sD6CQdxHyjQI+h/6rDNo88ypBxxz45UDuZHz9r3tNz7N/VInSVoVdtXEI4A==",
      "license": "MIT",
      "engines": {
        "node": "^14.21.3 || >=16"
      },
      "funding": {
        "url": "https://paulmillr.com/funding/"
      }
    },
    "node_modules/@scure/base": {
      "version": "1.2.6",
      "resolved": "https://registry.npmjs.org/@scure/base/-/base-1.2.6.tgz",
      "integrity": "sha512-g/nm5FgUa//MCj1gV09zTJTaM6KBAHqLN907YVQqf7zC49+DcO4B1so4ZX07Ef10Twr6nuqYEH9GEggFXA4Fmg==",
      "license": "MIT",
      "funding": {
        "url": "https://paulmillr.com/funding/"
      }
    },
    "node_modules/@scure/bip32": {
      "version": "1.7.0",
      "resolved": "https://registry.npmjs.org/@scure/bip32/-/bip32-1.7.0.tgz",
      "integrity": "sha512-E4FFX/N3f4B80AKWp5dP6ow+flD1LQZo/w8UnLGYZO674jS6YnYeepycOOksv+vLPSpgN35wgKgy+ybfTb2SMw==",
      "license": "MIT",
      "dependencies": {
        "@noble/curves": "~1.9.0",
        "@noble/hashes": "~1.8.0",
        "@scure/base": "~1.2.5"
      },
      "funding": {
        "url": "https://paulmillr.com/funding/"
      }
    },
    "node_modules/@scure/bip39": {
      "version": "1.6.0",
      "resolved": "https://registry.npmjs.org/@scure/bip39/-/bip39-1.6.0.tgz",
      "integrity": "sha512-+lF0BbLiJNwVlev4eKelw1WWLaiKXw7sSl8T6FvBlWkdX+94aGJ4o8XjUdlyhTCjd8c+B3KT3JfS8P0bLRNU6A==",
      "license": "MIT",
      "dependencies": {
        "@noble/hashes": "~1.8.0",
        "@scure/base": "~1.2.5"
      },
      "funding": {
        "url": "https://paulmillr.com/funding/"
      }
    },
    "node_modules/@types/node": {
      "version": "25.3.5",
      "resolved": "https://registry.npmjs.org/@types/node/-/node-25.3.5.tgz",
      "integrity": "sha512-oX8xrhvpiyRCQkG1MFchB09f+cXftgIXb3a7UUa4Y3wpmZPw5tyZGTLWhlESOLq1Rq6oDlc8npVU2/9xiCuXMA==",
      "dev": true,
      "license": "MIT",
      "dependencies": {
        "undici-types": "~7.18.0"
      }
    },
    "node_modules/asn1js": {
      "version": "3.0.7",
      "resolved": "https://registry.npmjs.org/asn1js/-/asn1js-3.0.7.tgz",
      "integrity": "sha512-uLvq6KJu04qoQM6gvBfKFjlh6Gl0vOKQuR5cJMDHQkmwfMOQeN3F3SHCv9SNYSL+CRoHvOGFfllDlVz03GQjvQ==",
      "license": "BSD-3-Clause",
      "dependencies": {
        "pvtsutils": "^1.3.6",
        "pvutils": "^1.1.3",
        "tslib": "^2.8.1"
      },
      "engines": {
        "node": ">=12.0.0"
      }
    },
    "node_modules/base58-js": {
      "version": "3.0.3",
      "resolved": "https://registry.npmjs.org/base58-js/-/base58-js-3.0.3.tgz",
      "integrity": "sha512-3hf42BysHnUqmZO7mK6e5X/hs1AvyEJIhdVLbG/Mxn/fhFnhGxOO37mWbMHg1RT4TxqcPKXgqj9/bp1YG0GBXA==",
      "license": "MIT",
      "engines": {
        "node": ">=16.0.0",
        "npm": ">=7.0.0"
      }
    },
    "node_modules/bech32": {
      "version": "2.0.0",
      "resolved": "https://registry.npmjs.org/bech32/-/bech32-2.0.0.tgz",
      "integrity": "sha512-LcknSilhIGatDAsY1ak2I8VtGaHNhgMSYVxFrGLXv+xLHytaKZKcaUJJUE7qmBr7h33o5YQwP55pMI0xmkpJwg==",
      "license": "MIT"
    },
    "node_modules/idb-keyval": {
      "version": "6.2.2",
      "resolved": "https://registry.npmjs.org/idb-keyval/-/idb-keyval-6.2.2.tgz",
      "integrity": "sha512-yjD9nARJ/jb1g+CvD0tlhUHOrJ9Sy0P8T9MF3YaLlHnSRpwPfpTX0XIvpmw3gAJUmEu3FiICLBDPXVwyEvrleg==",
      "license": "Apache-2.0",
      "peer": true
    },
    "node_modules/mime": {
      "version": "3.0.0",
      "resolved": "https://registry.npmjs.org/mime/-/mime-3.0.0.tgz",
      "integrity": "sha512-jSCU7/VB1loIWBZe14aEYHU/+1UMEHoaO7qxCOVJOw9GgH72VAWppxNcjU+x9a2k3GSIBXNKxXQFqRvvZ7vr3A==",
      "license": "MIT",
      "bin": {
        "mime": "cli.js"
      },
      "engines": {
        "node": ">=10.0.0"
      }
    },
    "node_modules/prettier": {
      "version": "3.8.1",
      "resolved": "https://registry.npmjs.org/prettier/-/prettier-3.8.1.tgz",
      "integrity": "sha512-UOnG6LftzbdaHZcKoPFtOcCKztrQ57WkHDeRD9t/PTQtmT0NHSeWWepj6pS0z/N7+08BHFDQVUrfmfMRcZwbMg==",
      "dev": true,
      "license": "MIT",
      "bin": {
        "prettier": "bin/prettier.cjs"
      },
      "engines": {
        "node": ">=14"
      },
      "funding": {
        "url": "https://github.com/prettier/prettier?sponsor=1"
      }
    },
    "node_modules/prettier-plugin-organize-imports": {
      "version": "4.3.0",
      "resolved": "https://registry.npmjs.org/prettier-plugin-organize-imports/-/prettier-plugin-organize-imports-4.3.0.tgz",
      "integrity": "sha512-FxFz0qFhyBsGdIsb697f/EkvHzi5SZOhWAjxcx2dLt+Q532bAlhswcXGYB1yzjZ69kW8UoadFBw7TyNwlq96Iw==",
      "dev": true,
      "license": "MIT",
      "peerDependencies": {
        "prettier": ">=2.0",
        "typescript": ">=2.9",
        "vue-tsc": "^2.1.0 || 3"
      },
      "peerDependenciesMeta": {
        "vue-tsc": {
          "optional": true
        }
      }
    },
    "node_modules/pvtsutils": {
      "version": "1.3.6",
      "resolved": "https://registry.npmjs.org/pvtsutils/-/pvtsutils-1.3.6.tgz",
      "integrity": "sha512-PLgQXQ6H2FWCaeRak8vvk1GW462lMxB5s3Jm673N82zI4vqtVUPuZdffdZbPDFRoU8kAhItWFtPCWiPpp4/EDg==",
      "license": "MIT",
      "dependencies": {
        "tslib": "^2.8.1"
      }
    },
    "node_modules/pvutils": {
      "version": "1.1.5",
      "resolved": "https://registry.npmjs.org/pvutils/-/pvutils-1.1.5.tgz",
      "integrity": "sha512-KTqnxsgGiQ6ZAzZCVlJH5eOjSnvlyEgx1m8bkRJfOhmGRqfo5KLvmAlACQkrjEtOQ4B7wF9TdSLIs9O90MX9xA==",
      "license": "MIT",
      "engines": {
        "node": ">=16.0.0"
      }
    },
    "node_modules/semver": {
      "version": "7.7.4",
      "resolved": "https://registry.npmjs.org/semver/-/semver-7.7.4.tgz",
      "integrity": "sha512-vFKC2IEtQnVhpT78h1Yp8wzwrf8CM+MzKMHGJZfBtzhZNycRFnXsHk6E5TxIkkMsgNS7mdX3AGB7x2QM2di4lA==",
      "license": "ISC",
      "peer": true,
      "bin": {
        "semver": "bin/semver.js"
      },
      "engines": {
        "node": ">=10"
      }
    },
    "node_modules/tslib": {
      "version": "2.8.1",
      "resolved": "https://registry.npmjs.org/tslib/-/tslib-2.8.1.tgz",
      "integrity": "sha512-oJFu94HQb+KVduSUQL7wnpmqnfmLsOA/nAh6b6EH0wCEoK0/mPeXU6c3wKDV83MkOuHPRHtSXKKU99IBazS/2w==",
      "license": "0BSD"
    },
    "node_modules/typescript": {
      "version": "5.9.3",
      "resolved": "https://registry.npmjs.org/typescript/-/typescript-5.9.3.tgz",
      "integrity": "sha512-jl1vZzPDinLr9eUt3J/t7V6FgNEw9QjvBPdysz9KfQDD41fQrC2Y4vKQdiaUpFT4bXlb1RHhLpp8wtm6M5TgSw==",
      "dev": true,
      "license": "Apache-2.0",
      "bin": {
        "tsc": "bin/tsc",
        "tsserver": "bin/tsserver"
      },
      "engines": {
        "node": ">=14.17"
      }
    },
    "node_modules/undici-types": {
      "version": "7.18.2",
      "resolved": "https://registry.npmjs.org/undici-types/-/undici-types-7.18.2.tgz",
      "integrity": "sha512-AsuCzffGHJybSaRrmr5eHr81mwJU3kjw6M+uprWvCXiNeN9SOGwQ3Jn8jb8m3Z6izVgknn1R0FTCEAP2QrLY/w==",
      "dev": true,
      "license": "MIT"
    },
    "node_modules/zod": {
      "version": "4.3.6",
      "resolved": "https://registry.npmjs.org/zod/-/zod-4.3.6.tgz",
      "integrity": "sha512-rftlrkhHZOcjDwkGlnUtZZkvaPHCsDATp4pGpuOOMDaTdDDXF91wuVDJoWoPsKX/3YPQ5fHuF3STjcYyKr+Qhg==",
      "license": "MIT",
      "peer": true,
      "funding": {
        "url": "https://github.com/sponsors/colinhacks"
      }
    }
  }
}
