{
  "name": "@junobuild/example-node-admin-controller",
  "version": "0.0.1",
  "lockfileVersion": 3,
  "requires": true,
  "packages": {
    "": {
      "name": "@junobuild/example-node-admin-controller",
      "version": "0.0.1",
      "license": "MIT",
      "dependencies": {
        "@junobuild/admin": "^2.2.2",
        "@junobuild/config": "^2.2.0"
      },
      "devDependencies": {
        "prettier": "^3.4.2",
        "prettier-plugin-organize-imports": "^4.1.0"
      }
    },
    "node_modules/@dfinity/agent": {
      "version": "3.2.6",
      "resolved": "https://registry.npmjs.org/@dfinity/agent/-/agent-3.2.6.tgz",
      "integrity": "sha512-rJscQptoa43BxHgpeyy9qF6JbAXm4tn+IeNkUE9aMn60tfy1SGizMn6UQQOmw7jvl+LYDVA6w8ZA7c2br3cM+w==",
      "license": "Apache-2.0",
      "peer": true,
      "dependencies": {
        "@dfinity/cbor": "^0.2.2",
        "@noble/curves": "^1.9.2"
      },
      "peerDependencies": {
        "@dfinity/candid": "3.2.6",
        "@dfinity/principal": "3.2.6",
        "@noble/hashes": "^1.8.0"
      }
    },
    "node_modules/@dfinity/candid": {
      "version": "3.2.6",
      "resolved": "https://registry.npmjs.org/@dfinity/candid/-/candid-3.2.6.tgz",
      "integrity": "sha512-rh26bUluupegJNiDC6pJy0wyhkctPJSJ5ue4RxnodrbA6YMyQoj7m8Ic3Y81ah/fsSXOl9AIyyVh3kMqZb3lSw==",
      "license": "Apache-2.0",
      "peer": true,
      "peerDependencies": {
        "@dfinity/principal": "3.2.6"
      }
    },
    "node_modules/@dfinity/cbor": {
      "version": "0.2.2",
      "resolved": "https://registry.npmjs.org/@dfinity/cbor/-/cbor-0.2.2.tgz",
      "integrity": "sha512-GPJpH73kDEKbUBdUjY80lz7cq9l0vm1h/7ppejPV6O0ZTqCLrYspssYvqjRmK4aNnJ/SKXsP0rg9LYX7zpegaA==",
      "license": "Apache-2.0"
    },
    "node_modules/@dfinity/ic-management": {
      "version": "7.0.2",
      "resolved": "https://registry.npmjs.org/@dfinity/ic-management/-/ic-management-7.0.2.tgz",
      "integrity": "sha512-NnWhB6LWMDUmWXzjc54my7XF6M7xoDL5AOY+i9wPTvnn1u2aJ2Nvme8B2nCk/VcXJ8fj4Y5JOtc08/oPwoI/nQ==",
      "license": "Apache-2.0",
      "peer": true,
      "peerDependencies": {
        "@dfinity/agent": "^3",
        "@dfinity/candid": "^3",
        "@dfinity/principal": "^3",
        "@dfinity/utils": "^3"
      }
    },
    "node_modules/@dfinity/identity": {
      "version": "3.2.6",
      "resolved": "https://registry.npmjs.org/@dfinity/identity/-/identity-3.2.6.tgz",
      "integrity": "sha512-18ecTwtz4Yv8coaNM4ooCzqlib9ooP20JFHJ2RVAtlWPaVcRC/4nzXTEJiUH+TytC7ZbBkuRYlJ/eLeIhyYqaA==",
      "license": "Apache-2.0",
      "peer": true,
      "peerDependencies": {
        "@dfinity/agent": "3.2.6",
        "@dfinity/candid": "3.2.6",
        "@dfinity/principal": "3.2.6",
        "@noble/curves": "^1.9.2",
        "@noble/hashes": "^1.8.0"
      }
    },
    "node_modules/@dfinity/principal": {
      "version": "3.2.6",
      "resolved": "https://registry.npmjs.org/@dfinity/principal/-/principal-3.2.6.tgz",
      "integrity": "sha512-jxEmMwZe2k/XC0DEW1i7CVJ/vPzIKT0zvXeQIBuvkfEcqWSVRiScHlURwnYStQAE1RVP8glDEs6ioeZgmEmazA==",
      "license": "Apache-2.0",
      "peer": true,
      "dependencies": {
        "@noble/hashes": "^1.8.0"
      }
    },
    "node_modules/@dfinity/utils": {
      "version": "3.1.0",
      "resolved": "https://registry.npmjs.org/@dfinity/utils/-/utils-3.1.0.tgz",
      "integrity": "sha512-e4Iunp147nN/gpph/7miZkxwYkctA3AyuKla0vbwK9RNJE7Rub43Zwo0mlhjYq6WHjIxIEL/8n+AAJj9+RjZcw==",
      "license": "Apache-2.0",
      "peer": true,
      "peerDependencies": {
        "@dfinity/agent": "^3",
        "@dfinity/candid": "^3",
        "@dfinity/principal": "^3"
      }
    },
    "node_modules/@dfinity/zod-schemas": {
      "version": "1.1.0",
      "resolved": "https://registry.npmjs.org/@dfinity/zod-schemas/-/zod-schemas-1.1.0.tgz",
      "integrity": "sha512-lhZTMN5bwbk+BgWA+tFto4ltrJVa+14KLssOwBtuFD980hqgP+dpAIEZQnIEZDU8x/51u2yGEpMDFubHjW2C5g==",
      "license": "Apache-2.0",
      "peer": true,
      "peerDependencies": {
        "@dfinity/principal": "*",
        "zod": "3.25"
      }
    },
    "node_modules/@junobuild/admin": {
      "version": "2.2.2",
      "resolved": "https://registry.npmjs.org/@junobuild/admin/-/admin-2.2.2.tgz",
      "integrity": "sha512-5MRdZ5Sa+CJE8iphqXddq/UCt16JU2ER1iOQQ5/GN/CB0APnRaERlvFV4Ucr636AfwHt0f0ffXkCWiz+w88ceg==",
      "license": "MIT",
      "peerDependencies": {
        "@dfinity/agent": "^3.2.6",
        "@dfinity/candid": "^3.2.6",
        "@dfinity/ic-management": "^7",
        "@dfinity/identity": "^3.2.6",
        "@dfinity/principal": "^3.2.6",
        "@dfinity/utils": "^3.1",
        "@junobuild/config": "*",
        "@junobuild/ic-client": "^3",
        "semver": "7.*",
        "zod": "^3.25"
      }
    },
    "node_modules/@junobuild/config": {
      "version": "2.2.0",
      "resolved": "https://registry.npmjs.org/@junobuild/config/-/config-2.2.0.tgz",
      "integrity": "sha512-nRhvQ02CdDuKL3fCGoMrY0zRc/MHOZg8Z9swIhFXyXf1cPNurNN4c5ek1okZA5okAUIchF9WXEXhVGRIU+6Lkg==",
      "license": "MIT",
      "peer": true,
      "peerDependencies": {
        "@dfinity/zod-schemas": "^1.1.0",
        "zod": "^3.25"
      }
    },
    "node_modules/@junobuild/ic-client": {
      "version": "3.1.2",
      "resolved": "https://registry.npmjs.org/@junobuild/ic-client/-/ic-client-3.1.2.tgz",
      "integrity": "sha512-Ee5/69WPZEW5p6MQ3qqg0KUbkNusEbMrm9QiAFpkEyhGUl2e/eKo7/N3I79Kz7Q8DME5CJyrP6/AMgvFJ0OLGw==",
      "license": "MIT",
      "peer": true,
      "peerDependencies": {
        "@dfinity/agent": "^3.2.6",
        "@dfinity/candid": "^3.2.6",
        "@dfinity/identity": "^3.2.6",
        "@dfinity/principal": "^3.2.6",
        "@dfinity/utils": "^3.1"
      }
    },
    "node_modules/@noble/curves": {
      "version": "1.9.7",
      "resolved": "https://registry.npmjs.org/@noble/curves/-/curves-1.9.7.tgz",
      "integrity": "sha512-gbKGcRUYIjA3/zCCNaWDciTMFI0dCkvou3TL8Zmy5Nc7sJ47a0jtOeZoTaMxkuqRo9cRhjOdZJXegxYE5FN/xw==",
      "license": "MIT",
      "peer": true,
      "dependencies": {
        "@noble/hashes": "1.8.0"
      },
      "engines": {
        "node": "^14.21.3 || >=16"
      },
      "funding": {
        "url": "https://paulmillr.com/funding/"
      }
    },
    "node_modules/@noble/hashes": {
      "version": "1.8.0",
      "resolved": "https://registry.npmjs.org/@noble/hashes/-/hashes-1.8.0.tgz",
      "integrity": "sha512-jCs9ldd7NwzpgXDIf6P3+NrHh9/sD6CQdxHyjQI+h/6rDNo88ypBxxz45UDuZHz9r3tNz7N/VInSVoVdtXEI4A==",
      "license": "MIT",
      "peer": true,
      "engines": {
        "node": "^14.21.3 || >=16"
      },
      "funding": {
        "url": "https://paulmillr.com/funding/"
      }
    },
    "node_modules/prettier": {
      "version": "3.6.2",
      "resolved": "https://registry.npmjs.org/prettier/-/prettier-3.6.2.tgz",
      "integrity": "sha512-I7AIg5boAr5R0FFtJ6rCfD+LFsWHp81dolrFD8S79U9tb8Az2nGrJncnMSnys+bpQJfRUzqs9hnA81OAA3hCuQ==",
      "dev": true,
      "license": "MIT",
      "peer": true,
      "bin": {
        "prettier": "bin/prettier.cjs"
      },
      "engines": {
        "node": ">=14"
      },
      "funding": {
        "url": "https://github.com/prettier/prettier?sponsor=1"
      }
    },
    "node_modules/prettier-plugin-organize-imports": {
      "version": "4.3.0",
      "resolved": "https://registry.npmjs.org/prettier-plugin-organize-imports/-/prettier-plugin-organize-imports-4.3.0.tgz",
      "integrity": "sha512-FxFz0qFhyBsGdIsb697f/EkvHzi5SZOhWAjxcx2dLt+Q532bAlhswcXGYB1yzjZ69kW8UoadFBw7TyNwlq96Iw==",
      "dev": true,
      "license": "MIT",
      "peerDependencies": {
        "prettier": ">=2.0",
        "typescript": ">=2.9",
        "vue-tsc": "^2.1.0 || 3"
      },
      "peerDependenciesMeta": {
        "vue-tsc": {
          "optional": true
        }
      }
    },
    "node_modules/semver": {
      "version": "7.7.2",
      "resolved": "https://registry.npmjs.org/semver/-/semver-7.7.2.tgz",
      "integrity": "sha512-RF0Fw+rO5AMf9MAyaRXI4AV0Ulj5lMHqVxxdSgiVbixSCXoEmmX/jk0CuJw4+3SqroYO9VoUh+HcuJivvtJemA==",
      "license": "ISC",
      "peer": true,
      "bin": {
        "semver": "bin/semver.js"
      },
      "engines": {
        "node": ">=10"
      }
    },
    "node_modules/typescript": {
      "version": "5.9.2",
      "resolved": "https://registry.npmjs.org/typescript/-/typescript-5.9.2.tgz",
      "integrity": "sha512-CWBzXQrc/qOkhidw1OzBTQuYRbfyxDXJMVJ1XNwUHGROVmuaeiEm3OslpZ1RV96d7SKKjZKrSJu3+t/xlw3R9A==",
      "dev": true,
      "license": "Apache-2.0",
      "peer": true,
      "bin": {
        "tsc": "bin/tsc",
        "tsserver": "bin/tsserver"
      },
      "engines": {
        "node": ">=14.17"
      }
    },
    "node_modules/zod": {
      "version": "3.25.76",
      "resolved": "https://registry.npmjs.org/zod/-/zod-3.25.76.tgz",
      "integrity": "sha512-gzUt/qt81nXsFGKIFcC3YnfEAx5NkunCfnDlvuBSSFS02bcXu4Lmea0AFIUwbLWxWPx3d9p8S5QoaujKcNQxcQ==",
      "license": "MIT",
      "peer": true,
      "funding": {
        "url": "https://github.com/sponsors/colinhacks"
      }
    }
  }
}
