{
  "name": "@junobuild/example-node-admin-import-export-documents",
  "version": "0.0.1",
  "lockfileVersion": 3,
  "requires": true,
  "packages": {
    "": {
      "name": "@junobuild/example-node-admin-import-export-documents",
      "version": "0.0.1",
      "license": "MIT",
      "dependencies": {
        "@junobuild/config": "^2.2.0",
        "@junobuild/core": "^2.1.1",
        "dotenv": "^17.2.2"
      },
      "devDependencies": {
        "prettier": "^3.6.2",
        "prettier-plugin-organize-imports": "^4.3.0"
      }
    },
    "node_modules/@dfinity/agent": {
      "version": "3.2.6",
      "resolved": "https://registry.npmjs.org/@dfinity/agent/-/agent-3.2.6.tgz",
      "integrity": "sha512-rJscQptoa43BxHgpeyy9qF6JbAXm4tn+IeNkUE9aMn60tfy1SGizMn6UQQOmw7jvl+LYDVA6w8ZA7c2br3cM+w==",
      "license": "Apache-2.0",
      "peer": true,
      "dependencies": {
        "@dfinity/cbor": "^0.2.2",
        "@noble/curves": "^1.9.2"
      },
      "peerDependencies": {
        "@dfinity/candid": "3.2.6",
        "@dfinity/principal": "3.2.6",
        "@noble/hashes": "^1.8.0"
      }
    },
    "node_modules/@dfinity/auth-client": {
      "version": "3.2.6",
      "resolved": "https://registry.npmjs.org/@dfinity/auth-client/-/auth-client-3.2.6.tgz",
      "integrity": "sha512-uuo72wai9Mg5CglZ3VE9eIUibttPvFn2B7LmMFoBenT9md2d57aBUdKFep1fkHNvD4Kp4iLxOfs1UEKQX7vbog==",
      "license": "Apache-2.0",
      "peer": true,
      "dependencies": {
        "idb": "^7.0.2"
      },
      "peerDependencies": {
        "@dfinity/agent": "3.2.6",
        "@dfinity/identity": "3.2.6",
        "@dfinity/principal": "3.2.6"
      }
    },
    "node_modules/@dfinity/candid": {
      "version": "3.2.6",
      "resolved": "https://registry.npmjs.org/@dfinity/candid/-/candid-3.2.6.tgz",
      "integrity": "sha512-rh26bUluupegJNiDC6pJy0wyhkctPJSJ5ue4RxnodrbA6YMyQoj7m8Ic3Y81ah/fsSXOl9AIyyVh3kMqZb3lSw==",
      "license": "Apache-2.0",
      "peer": true,
      "peerDependencies": {
        "@dfinity/principal": "3.2.6"
      }
    },
    "node_modules/@dfinity/cbor": {
      "version": "0.2.2",
      "resolved": "https://registry.npmjs.org/@dfinity/cbor/-/cbor-0.2.2.tgz",
      "integrity": "sha512-GPJpH73kDEKbUBdUjY80lz7cq9l0vm1h/7ppejPV6O0ZTqCLrYspssYvqjRmK4aNnJ/SKXsP0rg9LYX7zpegaA==",
      "license": "Apache-2.0",
      "peer": true
    },
    "node_modules/@dfinity/identity": {
      "version": "3.2.6",
      "resolved": "https://registry.npmjs.org/@dfinity/identity/-/identity-3.2.6.tgz",
      "integrity": "sha512-18ecTwtz4Yv8coaNM4ooCzqlib9ooP20JFHJ2RVAtlWPaVcRC/4nzXTEJiUH+TytC7ZbBkuRYlJ/eLeIhyYqaA==",
      "license": "Apache-2.0",
      "peer": true,
      "peerDependencies": {
        "@dfinity/agent": "3.2.6",
        "@dfinity/candid": "3.2.6",
        "@dfinity/principal": "3.2.6",
        "@noble/curves": "^1.9.2",
        "@noble/hashes": "^1.8.0"
      }
    },
    "node_modules/@dfinity/principal": {
      "version": "3.2.6",
      "resolved": "https://registry.npmjs.org/@dfinity/principal/-/principal-3.2.6.tgz",
      "integrity": "sha512-jxEmMwZe2k/XC0DEW1i7CVJ/vPzIKT0zvXeQIBuvkfEcqWSVRiScHlURwnYStQAE1RVP8glDEs6ioeZgmEmazA==",
      "license": "Apache-2.0",
      "peer": true,
      "dependencies": {
        "@noble/hashes": "^1.8.0"
      }
    },
    "node_modules/@dfinity/utils": {
      "version": "3.1.0",
      "resolved": "https://registry.npmjs.org/@dfinity/utils/-/utils-3.1.0.tgz",
      "integrity": "sha512-e4Iunp147nN/gpph/7miZkxwYkctA3AyuKla0vbwK9RNJE7Rub43Zwo0mlhjYq6WHjIxIEL/8n+AAJj9+RjZcw==",
      "license": "Apache-2.0",
      "peer": true,
      "peerDependencies": {
        "@dfinity/agent": "^3",
        "@dfinity/candid": "^3",
        "@dfinity/principal": "^3"
      }
    },
    "node_modules/@dfinity/zod-schemas": {
      "version": "1.1.0",
      "resolved": "https://registry.npmjs.org/@dfinity/zod-schemas/-/zod-schemas-1.1.0.tgz",
      "integrity": "sha512-lhZTMN5bwbk+BgWA+tFto4ltrJVa+14KLssOwBtuFD980hqgP+dpAIEZQnIEZDU8x/51u2yGEpMDFubHjW2C5g==",
      "license": "Apache-2.0",
      "peer": true,
      "peerDependencies": {
        "@dfinity/principal": "*",
        "zod": "3.25"
      }
    },
    "node_modules/@junobuild/config": {
      "version": "2.2.0",
      "resolved": "https://registry.npmjs.org/@junobuild/config/-/config-2.2.0.tgz",
      "integrity": "sha512-nRhvQ02CdDuKL3fCGoMrY0zRc/MHOZg8Z9swIhFXyXf1cPNurNN4c5ek1okZA5okAUIchF9WXEXhVGRIU+6Lkg==",
      "license": "MIT",
      "peerDependencies": {
        "@dfinity/zod-schemas": "^1.1.0",
        "zod": "^3.25"
      }
    },
    "node_modules/@junobuild/core": {
      "version": "2.2.0",
      "resolved": "https://registry.npmjs.org/@junobuild/core/-/core-2.2.0.tgz",
      "integrity": "sha512-G4ojJ8sf1Rzmrl1swIMyTCQ3sxBVUaNDQN8R/19AWPDyiX1TWp1uN0NrlxmQhB77TKKlLXPaiVXyQ9jut0vl1w==",
      "license": "MIT",
      "dependencies": {
        "@junobuild/errors": "*",
        "@junobuild/ic-client": "^3",
        "@junobuild/storage": "^1.3",
        "@junobuild/utils": "*"
      },
      "peerDependencies": {
        "@dfinity/agent": "^3.2.6",
        "@dfinity/auth-client": "^3.2.6",
        "@dfinity/candid": "^3.2.6",
        "@dfinity/identity": "^3.2.6",
        "@dfinity/principal": "^3.2.6",
        "@dfinity/utils": "^3.1"
      }
    },
    "node_modules/@junobuild/errors": {
      "version": "0.1.4",
      "resolved": "https://registry.npmjs.org/@junobuild/errors/-/errors-0.1.4.tgz",
      "integrity": "sha512-GZa/NF6XqcO4LkCTROLAk23cj8R0B43tOPfB9TCtm8JfgVEAMd7G66/TneeSU48JueeIxhh1NJMDNkK7JhflWA==",
      "license": "MIT"
    },
    "node_modules/@junobuild/ic-client": {
      "version": "3.1.2",
      "resolved": "https://registry.npmjs.org/@junobuild/ic-client/-/ic-client-3.1.2.tgz",
      "integrity": "sha512-Ee5/69WPZEW5p6MQ3qqg0KUbkNusEbMrm9QiAFpkEyhGUl2e/eKo7/N3I79Kz7Q8DME5CJyrP6/AMgvFJ0OLGw==",
      "license": "MIT",
      "peerDependencies": {
        "@dfinity/agent": "^3.2.6",
        "@dfinity/candid": "^3.2.6",
        "@dfinity/identity": "^3.2.6",
        "@dfinity/principal": "^3.2.6",
        "@dfinity/utils": "^3.1"
      }
    },
    "node_modules/@junobuild/storage": {
      "version": "1.3.2",
      "resolved": "https://registry.npmjs.org/@junobuild/storage/-/storage-1.3.2.tgz",
      "integrity": "sha512-W1e3yx2sYSIFRAW5YPDNpU53hh1f7twoKRHtG4KSBZVIfEKXZUstc5aNSEA3tiQQY8trBGQeQlaj8OeyZeaWGQ==",
      "license": "MIT",
      "peerDependencies": {
        "@dfinity/agent": "^3.2.6",
        "@dfinity/candid": "^3.2.6",
        "@dfinity/identity": "^3.2.6",
        "@dfinity/principal": "^3.2.6",
        "@dfinity/utils": "^3.1",
        "@junobuild/ic-client": "^3",
        "@junobuild/utils": "*"
      }
    },
    "node_modules/@junobuild/utils": {
      "version": "0.2.1",
      "resolved": "https://registry.npmjs.org/@junobuild/utils/-/utils-0.2.1.tgz",
      "integrity": "sha512-vx6421VimgGB3y2sMDU9TGHIjlpi/yI1PuwtwNbxTv8q1X+RyNIM2rWirGL6lgHS//89ERMDdSuFgGpJcJHJZA==",
      "license": "MIT",
      "peerDependencies": {
        "@dfinity/utils": "^3.1"
      }
    },
    "node_modules/@noble/curves": {
      "version": "1.9.7",
      "resolved": "https://registry.npmjs.org/@noble/curves/-/curves-1.9.7.tgz",
      "integrity": "sha512-gbKGcRUYIjA3/zCCNaWDciTMFI0dCkvou3TL8Zmy5Nc7sJ47a0jtOeZoTaMxkuqRo9cRhjOdZJXegxYE5FN/xw==",
      "license": "MIT",
      "peer": true,
      "dependencies": {
        "@noble/hashes": "1.8.0"
      },
      "engines": {
        "node": "^14.21.3 || >=16"
      },
      "funding": {
        "url": "https://paulmillr.com/funding/"
      }
    },
    "node_modules/@noble/hashes": {
      "version": "1.8.0",
      "resolved": "https://registry.npmjs.org/@noble/hashes/-/hashes-1.8.0.tgz",
      "integrity": "sha512-jCs9ldd7NwzpgXDIf6P3+NrHh9/sD6CQdxHyjQI+h/6rDNo88ypBxxz45UDuZHz9r3tNz7N/VInSVoVdtXEI4A==",
      "license": "MIT",
      "peer": true,
      "engines": {
        "node": "^14.21.3 || >=16"
      },
      "funding": {
        "url": "https://paulmillr.com/funding/"
      }
    },
    "node_modules/dotenv": {
      "version": "17.2.2",
      "resolved": "https://registry.npmjs.org/dotenv/-/dotenv-17.2.2.tgz",
      "integrity": "sha512-Sf2LSQP+bOlhKWWyhFsn0UsfdK/kCWRv1iuA2gXAwt3dyNabr6QSj00I2V10pidqz69soatm9ZwZvpQMTIOd5Q==",
      "license": "BSD-2-Clause",
      "engines": {
        "node": ">=12"
      },
      "funding": {
        "url": "https://dotenvx.com"
      }
    },
    "node_modules/idb": {
      "version": "7.1.1",
      "resolved": "https://registry.npmjs.org/idb/-/idb-7.1.1.tgz",
      "integrity": "sha512-gchesWBzyvGHRO9W8tzUWFDycow5gwjvFKfyV9FF32Y7F50yZMp7mP+T2mJIWFx49zicqyC4uefHM17o6xKIVQ==",
      "license": "ISC",
      "peer": true
    },
    "node_modules/prettier": {
      "version": "3.6.2",
      "resolved": "https://registry.npmjs.org/prettier/-/prettier-3.6.2.tgz",
      "integrity": "sha512-I7AIg5boAr5R0FFtJ6rCfD+LFsWHp81dolrFD8S79U9tb8Az2nGrJncnMSnys+bpQJfRUzqs9hnA81OAA3hCuQ==",
      "dev": true,
      "license": "MIT",
      "bin": {
        "prettier": "bin/prettier.cjs"
      },
      "engines": {
        "node": ">=14"
      },
      "funding": {
        "url": "https://github.com/prettier/prettier?sponsor=1"
      }
    },
    "node_modules/prettier-plugin-organize-imports": {
      "version": "4.3.0",
      "resolved": "https://registry.npmjs.org/prettier-plugin-organize-imports/-/prettier-plugin-organize-imports-4.3.0.tgz",
      "integrity": "sha512-FxFz0qFhyBsGdIsb697f/EkvHzi5SZOhWAjxcx2dLt+Q532bAlhswcXGYB1yzjZ69kW8UoadFBw7TyNwlq96Iw==",
      "dev": true,
      "license": "MIT",
      "peerDependencies": {
        "prettier": ">=2.0",
        "typescript": ">=2.9",
        "vue-tsc": "^2.1.0 || 3"
      },
      "peerDependenciesMeta": {
        "vue-tsc": {
          "optional": true
        }
      }
    },
    "node_modules/typescript": {
      "version": "5.9.2",
      "resolved": "https://registry.npmjs.org/typescript/-/typescript-5.9.2.tgz",
      "integrity": "sha512-CWBzXQrc/qOkhidw1OzBTQuYRbfyxDXJMVJ1XNwUHGROVmuaeiEm3OslpZ1RV96d7SKKjZKrSJu3+t/xlw3R9A==",
      "dev": true,
      "license": "Apache-2.0",
      "peer": true,
      "bin": {
        "tsc": "bin/tsc",
        "tsserver": "bin/tsserver"
      },
      "engines": {
        "node": ">=14.17"
      }
    },
    "node_modules/zod": {
      "version": "3.25.76",
      "resolved": "https://registry.npmjs.org/zod/-/zod-3.25.76.tgz",
      "integrity": "sha512-gzUt/qt81nXsFGKIFcC3YnfEAx5NkunCfnDlvuBSSFS02bcXu4Lmea0AFIUwbLWxWPx3d9p8S5QoaujKcNQxcQ==",
      "license": "MIT",
      "peer": true,
      "funding": {
        "url": "https://github.com/sponsors/colinhacks"
      }
    }
  }
}
